
Microsoft Visual Studio Solution File, Format Version 12.00
# Visual Studio Version 17
VisualStudioVersion = 17.9.34607.119
MinimumVisualStudioVersion = 10.0.40219.1
Project("{FAE04EC0-301F-11D3-BF4B-00C04F79EFBC}") = "SegundoExamenNetCore", "SegundoExamenNetCore.csproj", "{68675784-0F95-4A41-A809-A64F44024E15}"
EndProject
Global
	GlobalSection(SolutionConfigurationPlatforms) = preSolution
		Debug|Any CPU = Debug|Any CPU
		Release|Any CPU = Release|Any CPU
	EndGlobalSection
	GlobalSection(ProjectConfigurationPlatforms) = postSolution
		{68675784-0F95-4A41-A809-A64F44024E15}.Debug|Any CPU.ActiveCfg = Debug|Any CPU
		{68675784-0F95-4A41-A809-A64F44024E15}.Debug|Any CPU.Build.0 = Debug|Any CPU
		{68675784-0F95-4A41-A809-A64F44024E15}.Release|Any CPU.ActiveCfg = Release|Any CPU
		{68675784-0F95-4A41-A809-A64F44024E15}.Release|Any CPU.Build.0 = Release|Any CPU
	EndGlobalSection
	GlobalSection(SolutionProperties) = preSolution
		HideSolutionNode = FALSE
	EndGlobalSection
	GlobalSection(ExtensibilityGlobals) = postSolution
		SolutionGuid = {52CE0866-518F-4952-BDB5-7C5F5986CB1C}
	EndGlobalSection
EndGlobal
